<Solution>
  <Folder Name="/Solution Items/">
    <File Path=".github/workflows/docker-build.yml" />
    <File Path="Docs/ReadMe.md" />
    <File Path="k8s/productapp-manifest.yaml" />
  </Folder>
  <Project Path="AuthAPI/AuthAPI.csproj" />
  <Project Path="BlazorUI/BlazorUI.csproj" />
  <Project Path="Shared/Shared.csproj" />
  <Project Path="WebAPI/WebAPI.csproj" />
</Solution>
